
Microsoft Visual Studio Solution File, Format Version 12.00
# Visual Studio Version 16
VisualStudioVersion = 16.0.29509.3
MinimumVisualStudioVersion = 10.0.40219.1
Project("{FAE04EC0-301F-11D3-BF4B-00C04F79EFBC}") = "ModernUi", "ModernUi\ModernUi.csproj", "{4E823F6A-1969-4521-B0F6-4BD5269EC524}"
EndProject
Project("{FAE04EC0-301F-11D3-BF4B-00C04F79EFBC}") = "ModernUi.Decomposed", "ModernUi.Decomposed\ModernUi.Decomposed.csproj", "{1CEEC142-7BF1-4152-A1FB-469610E018B7}"
EndProject
Global
	GlobalSection(SolutionConfigurationPlatforms) = preSolution
		Debug|Any CPU = Debug|Any CPU
		Release|Any CPU = Release|Any CPU
	EndGlobalSection
	GlobalSection(ProjectConfigurationPlatforms) = postSolution
		{4E823F6A-1969-4521-B0F6-4BD5269EC524}.Debug|Any CPU.ActiveCfg = Debug|Any CPU
		{4E823F6A-1969-4521-B0F6-4BD5269EC524}.Debug|Any CPU.Build.0 = Debug|Any CPU
		{4E823F6A-1969-4521-B0F6-4BD5269EC524}.Release|Any CPU.ActiveCfg = Release|Any CPU
		{4E823F6A-1969-4521-B0F6-4BD5269EC524}.Release|Any CPU.Build.0 = Release|Any CPU
		{1CEEC142-7BF1-4152-A1FB-469610E018B7}.Debug|Any CPU.ActiveCfg = Debug|Any CPU
		{1CEEC142-7BF1-4152-A1FB-469610E018B7}.Debug|Any CPU.Build.0 = Debug|Any CPU
		{1CEEC142-7BF1-4152-A1FB-469610E018B7}.Release|Any CPU.ActiveCfg = Release|Any CPU
		{1CEEC142-7BF1-4152-A1FB-469610E018B7}.Release|Any CPU.Build.0 = Release|Any CPU
	EndGlobalSection
	GlobalSection(SolutionProperties) = preSolution
		HideSolutionNode = FALSE
	EndGlobalSection
	GlobalSection(ExtensibilityGlobals) = postSolution
		SolutionGuid = {97C190E8-C478-4BE6-91FC-A211EE5C029B}
	EndGlobalSection
EndGlobal
