
Microsoft Visual Studio Solution File, Format Version 12.00
# Visual Studio Version 16
VisualStudioVersion = 16.0.29509.3
MinimumVisualStudioVersion = 10.0.40219.1
Project("{FAE04EC0-301F-11D3-BF4B-00C04F79EFBC}") = "IconButtons", "IconButtons\IconButtons.csproj", "{875386E7-902A-4EB3-B290-C6F9FCD575DB}"
EndProject
Global
	GlobalSection(SolutionConfigurationPlatforms) = preSolution
		Debug|Any CPU = Debug|Any CPU
		Release|Any CPU = Release|Any CPU
	EndGlobalSection
	GlobalSection(ProjectConfigurationPlatforms) = postSolution
		{875386E7-902A-4EB3-B290-C6F9FCD575DB}.Debug|Any CPU.ActiveCfg = Debug|Any CPU
		{875386E7-902A-4EB3-B290-C6F9FCD575DB}.Debug|Any CPU.Build.0 = Debug|Any CPU
		{875386E7-902A-4EB3-B290-C6F9FCD575DB}.Release|Any CPU.ActiveCfg = Release|Any CPU
		{875386E7-902A-4EB3-B290-C6F9FCD575DB}.Release|Any CPU.Build.0 = Release|Any CPU
	EndGlobalSection
	GlobalSection(SolutionProperties) = preSolution
		HideSolutionNode = FALSE
	EndGlobalSection
	GlobalSection(ExtensibilityGlobals) = postSolution
		SolutionGuid = {20A534D9-03CE-4556-BDDF-6CAAB82EF0A0}
	EndGlobalSection
EndGlobal
